
Microsoft Visual Studio Solution File, Format Version 12.00
# Visual Studio 14
VisualStudioVersion = 14.0.23107.0
MinimumVisualStudioVersion = 10.0.40219.1
Project("{8BC9CEB8-8B4A-11D0-8D11-00A0C91BC942}") = "StrategyPattern", "StrategyPattern\StrategyPattern.vcxproj", "{691494AA-ABFB-4FBC-A717-33D1B14FB610}"
EndProject
Project("{8BC9CEB8-8B4A-11D0-8D11-00A0C91BC942}") = "ObserverPattern", "ObserverPattern\ObserverPattern.vcxproj", "{61DBA811-9D97-4A60-99B5-038B47D833F3}"
EndProject
Project("{8BC9CEB8-8B4A-11D0-8D11-00A0C91BC942}") = "DecoratorPattern", "DecoratorPattern\DecoratorPattern.vcxproj", "{D0D4EC7C-6490-4BD4-AB46-91DCE212F1B9}"
EndProject
Project("{8BC9CEB8-8B4A-11D0-8D11-00A0C91BC942}") = "FactoryPattern", "FactoryPattern\FactoryPattern.vcxproj", "{E10383B8-0D38-4FEA-81C6-ECD4C26DA810}"
EndProject
Project("{8BC9CEB8-8B4A-11D0-8D11-00A0C91BC942}") = "SingletonPattern", "SingletonPattern\SingletonPattern.vcxproj", "{45AA3BB5-6F5B-45B0-BFF5-C2F76A70F214}"
EndProject
Project("{8BC9CEB8-8B4A-11D0-8D11-00A0C91BC942}") = "CommandPattern", "CommandPattern\CommandPattern.vcxproj", "{DFAEABAE-B2BB-418F-8EDE-273FA651B924}"
EndProject
Global
	GlobalSection(SolutionConfigurationPlatforms) = preSolution
		Debug|x64 = Debug|x64
		Debug|x86 = Debug|x86
		Release|x64 = Release|x64
		Release|x86 = Release|x86
	EndGlobalSection
	GlobalSection(ProjectConfigurationPlatforms) = postSolution
		{691494AA-ABFB-4FBC-A717-33D1B14FB610}.Debug|x64.ActiveCfg = Debug|x64
		{691494AA-ABFB-4FBC-A717-33D1B14FB610}.Debug|x64.Build.0 = Debug|x64
		{691494AA-ABFB-4FBC-A717-33D1B14FB610}.Debug|x86.ActiveCfg = Debug|Win32
		{691494AA-ABFB-4FBC-A717-33D1B14FB610}.Debug|x86.Build.0 = Debug|Win32
		{691494AA-ABFB-4FBC-A717-33D1B14FB610}.Release|x64.ActiveCfg = Release|x64
		{691494AA-ABFB-4FBC-A717-33D1B14FB610}.Release|x64.Build.0 = Release|x64
		{691494AA-ABFB-4FBC-A717-33D1B14FB610}.Release|x86.ActiveCfg = Release|Win32
		{691494AA-ABFB-4FBC-A717-33D1B14FB610}.Release|x86.Build.0 = Release|Win32
		{61DBA811-9D97-4A60-99B5-038B47D833F3}.Debug|x64.ActiveCfg = Debug|x64
		{61DBA811-9D97-4A60-99B5-038B47D833F3}.Debug|x64.Build.0 = Debug|x64
		{61DBA811-9D97-4A60-99B5-038B47D833F3}.Debug|x86.ActiveCfg = Debug|Win32
		{61DBA811-9D97-4A60-99B5-038B47D833F3}.Debug|x86.Build.0 = Debug|Win32
		{61DBA811-9D97-4A60-99B5-038B47D833F3}.Release|x64.ActiveCfg = Release|x64
		{61DBA811-9D97-4A60-99B5-038B47D833F3}.Release|x64.Build.0 = Release|x64
		{61DBA811-9D97-4A60-99B5-038B47D833F3}.Release|x86.ActiveCfg = Release|Win32
		{61DBA811-9D97-4A60-99B5-038B47D833F3}.Release|x86.Build.0 = Release|Win32
		{D0D4EC7C-6490-4BD4-AB46-91DCE212F1B9}.Debug|x64.ActiveCfg = Debug|x64
		{D0D4EC7C-6490-4BD4-AB46-91DCE212F1B9}.Debug|x64.Build.0 = Debug|x64
		{D0D4EC7C-6490-4BD4-AB46-91DCE212F1B9}.Debug|x86.ActiveCfg = Debug|Win32
		{D0D4EC7C-6490-4BD4-AB46-91DCE212F1B9}.Debug|x86.Build.0 = Debug|Win32
		{D0D4EC7C-6490-4BD4-AB46-91DCE212F1B9}.Release|x64.ActiveCfg = Release|x64
		{D0D4EC7C-6490-4BD4-AB46-91DCE212F1B9}.Release|x64.Build.0 = Release|x64
		{D0D4EC7C-6490-4BD4-AB46-91DCE212F1B9}.Release|x86.ActiveCfg = Release|Win32
		{D0D4EC7C-6490-4BD4-AB46-91DCE212F1B9}.Release|x86.Build.0 = Release|Win32
		{E10383B8-0D38-4FEA-81C6-ECD4C26DA810}.Debug|x64.ActiveCfg = Debug|x64
		{E10383B8-0D38-4FEA-81C6-ECD4C26DA810}.Debug|x64.Build.0 = Debug|x64
		{E10383B8-0D38-4FEA-81C6-ECD4C26DA810}.Debug|x86.ActiveCfg = Debug|Win32
		{E10383B8-0D38-4FEA-81C6-ECD4C26DA810}.Debug|x86.Build.0 = Debug|Win32
		{E10383B8-0D38-4FEA-81C6-ECD4C26DA810}.Release|x64.ActiveCfg = Release|x64
		{E10383B8-0D38-4FEA-81C6-ECD4C26DA810}.Release|x64.Build.0 = Release|x64
		{E10383B8-0D38-4FEA-81C6-ECD4C26DA810}.Release|x86.ActiveCfg = Release|Win32
		{E10383B8-0D38-4FEA-81C6-ECD4C26DA810}.Release|x86.Build.0 = Release|Win32
		{45AA3BB5-6F5B-45B0-BFF5-C2F76A70F214}.Debug|x64.ActiveCfg = Debug|x64
		{45AA3BB5-6F5B-45B0-BFF5-C2F76A70F214}.Debug|x64.Build.0 = Debug|x64
		{45AA3BB5-6F5B-45B0-BFF5-C2F76A70F214}.Debug|x86.ActiveCfg = Debug|Win32
		{45AA3BB5-6F5B-45B0-BFF5-C2F76A70F214}.Debug|x86.Build.0 = Debug|Win32
		{45AA3BB5-6F5B-45B0-BFF5-C2F76A70F214}.Release|x64.ActiveCfg = Release|x64
		{45AA3BB5-6F5B-45B0-BFF5-C2F76A70F214}.Release|x64.Build.0 = Release|x64
		{45AA3BB5-6F5B-45B0-BFF5-C2F76A70F214}.Release|x86.ActiveCfg = Release|Win32
		{45AA3BB5-6F5B-45B0-BFF5-C2F76A70F214}.Release|x86.Build.0 = Release|Win32
		{DFAEABAE-B2BB-418F-8EDE-273FA651B924}.Debug|x64.ActiveCfg = Debug|x64
		{DFAEABAE-B2BB-418F-8EDE-273FA651B924}.Debug|x64.Build.0 = Debug|x64
		{DFAEABAE-B2BB-418F-8EDE-273FA651B924}.Debug|x86.ActiveCfg = Debug|Win32
		{DFAEABAE-B2BB-418F-8EDE-273FA651B924}.Debug|x86.Build.0 = Debug|Win32
		{DFAEABAE-B2BB-418F-8EDE-273FA651B924}.Release|x64.ActiveCfg = Release|x64
		{DFAEABAE-B2BB-418F-8EDE-273FA651B924}.Release|x64.Build.0 = Release|x64
		{DFAEABAE-B2BB-418F-8EDE-273FA651B924}.Release|x86.ActiveCfg = Release|Win32
		{DFAEABAE-B2BB-418F-8EDE-273FA651B924}.Release|x86.Build.0 = Release|Win32
	EndGlobalSection
	GlobalSection(SolutionProperties) = preSolution
		HideSolutionNode = FALSE
	EndGlobalSection
EndGlobal
